
Microsoft Visual Studio Solution File, Format Version 12.00
# Visual Studio Version 17
VisualStudioVersion = 17.14.36616.10
MinimumVisualStudioVersion = 10.0.40219.1
Project("{FAE04EC0-301F-11D3-BF4B-00C04F79EFBC}") = "InterfazGrafica", "InterfazGrafica\InterfazGrafica.csproj", "{5E5FFD4D-8429-492C-986C-DC69D3FE2F5F}"
EndProject
Project("{FAE04EC0-301F-11D3-BF4B-00C04F79EFBC}") = "Clases", "Clases\Clases.csproj", "{2293C857-8B2B-4F4C-AA50-A0DBFFB2E42C}"
EndProject
Global
	GlobalSection(SolutionConfigurationPlatforms) = preSolution
		Debug|Any CPU = Debug|Any CPU
		Debug|x64 = Debug|x64
		Debug|x86 = Debug|x86
		Release|Any CPU = Release|Any CPU
		Release|x64 = Release|x64
		Release|x86 = Release|x86
	EndGlobalSection
	GlobalSection(ProjectConfigurationPlatforms) = postSolution
		{5E5FFD4D-8429-492C-986C-DC69D3FE2F5F}.Debug|Any CPU.ActiveCfg = Debug|Any CPU
		{5E5FFD4D-8429-492C-986C-DC69D3FE2F5F}.Debug|Any CPU.Build.0 = Debug|Any CPU
		{5E5FFD4D-8429-492C-986C-DC69D3FE2F5F}.Debug|x64.ActiveCfg = Debug|Any CPU
		{5E5FFD4D-8429-492C-986C-DC69D3FE2F5F}.Debug|x64.Build.0 = Debug|Any CPU
		{5E5FFD4D-8429-492C-986C-DC69D3FE2F5F}.Debug|x86.ActiveCfg = Debug|Any CPU
		{5E5FFD4D-8429-492C-986C-DC69D3FE2F5F}.Debug|x86.Build.0 = Debug|Any CPU
		{5E5FFD4D-8429-492C-986C-DC69D3FE2F5F}.Release|Any CPU.ActiveCfg = Release|Any CPU
		{5E5FFD4D-8429-492C-986C-DC69D3FE2F5F}.Release|Any CPU.Build.0 = Release|Any CPU
		{5E5FFD4D-8429-492C-986C-DC69D3FE2F5F}.Release|x64.ActiveCfg = Release|Any CPU
		{5E5FFD4D-8429-492C-986C-DC69D3FE2F5F}.Release|x64.Build.0 = Release|Any CPU
		{5E5FFD4D-8429-492C-986C-DC69D3FE2F5F}.Release|x86.ActiveCfg = Release|Any CPU
		{5E5FFD4D-8429-492C-986C-DC69D3FE2F5F}.Release|x86.Build.0 = Release|Any CPU
		{2293C857-8B2B-4F4C-AA50-A0DBFFB2E42C}.Debug|Any CPU.ActiveCfg = Debug|Any CPU
		{2293C857-8B2B-4F4C-AA50-A0DBFFB2E42C}.Debug|Any CPU.Build.0 = Debug|Any CPU
		{2293C857-8B2B-4F4C-AA50-A0DBFFB2E42C}.Debug|x64.ActiveCfg = Debug|Any CPU
		{2293C857-8B2B-4F4C-AA50-A0DBFFB2E42C}.Debug|x64.Build.0 = Debug|Any CPU
		{2293C857-8B2B-4F4C-AA50-A0DBFFB2E42C}.Debug|x86.ActiveCfg = Debug|Any CPU
		{2293C857-8B2B-4F4C-AA50-A0DBFFB2E42C}.Debug|x86.Build.0 = Debug|Any CPU
		{2293C857-8B2B-4F4C-AA50-A0DBFFB2E42C}.Release|Any CPU.ActiveCfg = Release|Any CPU
		{2293C857-8B2B-4F4C-AA50-A0DBFFB2E42C}.Release|Any CPU.Build.0 = Release|Any CPU
		{2293C857-8B2B-4F4C-AA50-A0DBFFB2E42C}.Release|x64.ActiveCfg = Release|Any CPU
		{2293C857-8B2B-4F4C-AA50-A0DBFFB2E42C}.Release|x64.Build.0 = Release|Any CPU
		{2293C857-8B2B-4F4C-AA50-A0DBFFB2E42C}.Release|x86.ActiveCfg = Release|Any CPU
		{2293C857-8B2B-4F4C-AA50-A0DBFFB2E42C}.Release|x86.Build.0 = Release|Any CPU
	EndGlobalSection
	GlobalSection(SolutionProperties) = preSolution
		HideSolutionNode = FALSE
	EndGlobalSection
	GlobalSection(ExtensibilityGlobals) = postSolution
		SolutionGuid = {738291F6-D66A-42FC-A8D6-81583D266CE8}
	EndGlobalSection
EndGlobal
